
Microsoft Visual Studio Solution File, Format Version 12.00
# Visual Studio 15
Project("{FAE04EC0-301F-11D3-BF4B-00C04F79EFBC}") = "PhotonRealtime", "PhotonRealtime.csproj", "{2E301D53-DB61-D562-F2A2-D22FE9EF210B}"
EndProject
Project("{FAE04EC0-301F-11D3-BF4B-00C04F79EFBC}") = "PhotonUnityNetworking.Editor", "PhotonUnityNetworking.Editor.csproj", "{D2A7AB45-C940-B354-195A-AE2AAAAA05B2}"
EndProject
Project("{FAE04EC0-301F-11D3-BF4B-00C04F79EFBC}") = "PhotonUnityNetworking", "PhotonUnityNetworking.csproj", "{16BAAF72-1BB9-B45C-169C-E08B830A4F01}"
EndProject
Project("{FAE04EC0-301F-11D3-BF4B-00C04F79EFBC}") = "PhotonUnityNetworking.Demos", "PhotonUnityNetworking.Demos.csproj", "{EECE4BB5-E3ED-FA5A-2133-F83E032B376E}"
EndProject
Project("{FAE04EC0-301F-11D3-BF4B-00C04F79EFBC}") = "Assembly-CSharp", "Assembly-CSharp.csproj", "{CD90DDBA-7F63-E3AA-3788-B6AD3576077B}"
EndProject
Project("{FAE04EC0-301F-11D3-BF4B-00C04F79EFBC}") = "PhotonUnityNetworking.Utilities", "PhotonUnityNetworking.Utilities.csproj", "{342FC79A-D167-4F12-BD0E-43D5BD705A1E}"
EndProject
Project("{FAE04EC0-301F-11D3-BF4B-00C04F79EFBC}") = "Assembly-CSharp-Editor", "Assembly-CSharp-Editor.csproj", "{D5FA74C0-62CB-AC03-8EA9-295473FAB500}"
EndProject
Project("{FAE04EC0-301F-11D3-BF4B-00C04F79EFBC}") = "PunDemos.DemoHubEditor", "PunDemos.DemoHubEditor.csproj", "{C4AB5400-AE63-00DF-6E16-67649FEBD2E5}"
EndProject
Project("{FAE04EC0-301F-11D3-BF4B-00C04F79EFBC}") = "PunDemos.DemoSlotcarEditor", "PunDemos.DemoSlotcarEditor.csproj", "{BDC55911-FC49-A22C-47BF-DE97153F9B04}"
EndProject
Project("{FAE04EC0-301F-11D3-BF4B-00C04F79EFBC}") = "PhotonChat", "PhotonChat.csproj", "{C42BEFC1-8012-22F2-78EE-57F2EABB0E6A}"
EndProject
Project("{FAE04EC0-301F-11D3-BF4B-00C04F79EFBC}") = "PhotonUnityNetworking.Utilities.PhotonPlayer.Editor", "PhotonUnityNetworking.Utilities.PhotonPlayer.Editor.csproj", "{E54B3FB4-2154-2527-7917-C6E6A8F3BB75}"
EndProject
Project("{FAE04EC0-301F-11D3-BF4B-00C04F79EFBC}") = "PhotonUnityNetworking.Utilities.Culling.Editor", "PhotonUnityNetworking.Utilities.Culling.Editor.csproj", "{4E2DD88E-9C78-7874-9918-505FCDB8760A}"
EndProject
Global
	GlobalSection(SolutionConfigurationPlatforms) = preSolution
		Debug|Any CPU = Debug|Any CPU
		Release|Any CPU = Release|Any CPU
	EndGlobalSection
	GlobalSection(ProjectConfigurationPlatforms) = postSolution
		{2E301D53-DB61-D562-F2A2-D22FE9EF210B}.Debug|Any CPU.ActiveCfg = Debug|Any CPU
		{2E301D53-DB61-D562-F2A2-D22FE9EF210B}.Debug|Any CPU.Build.0 = Debug|Any CPU
		{2E301D53-DB61-D562-F2A2-D22FE9EF210B}.Release|Any CPU.ActiveCfg = Release|Any CPU
		{2E301D53-DB61-D562-F2A2-D22FE9EF210B}.Release|Any CPU.Build.0 = Release|Any CPU
		{D2A7AB45-C940-B354-195A-AE2AAAAA05B2}.Debug|Any CPU.ActiveCfg = Debug|Any CPU
		{D2A7AB45-C940-B354-195A-AE2AAAAA05B2}.Debug|Any CPU.Build.0 = Debug|Any CPU
		{D2A7AB45-C940-B354-195A-AE2AAAAA05B2}.Release|Any CPU.ActiveCfg = Release|Any CPU
		{D2A7AB45-C940-B354-195A-AE2AAAAA05B2}.Release|Any CPU.Build.0 = Release|Any CPU
		{16BAAF72-1BB9-B45C-169C-E08B830A4F01}.Debug|Any CPU.ActiveCfg = Debug|Any CPU
		{16BAAF72-1BB9-B45C-169C-E08B830A4F01}.Debug|Any CPU.Build.0 = Debug|Any CPU
		{16BAAF72-1BB9-B45C-169C-E08B830A4F01}.Release|Any CPU.ActiveCfg = Release|Any CPU
		{16BAAF72-1BB9-B45C-169C-E08B830A4F01}.Release|Any CPU.Build.0 = Release|Any CPU
		{EECE4BB5-E3ED-FA5A-2133-F83E032B376E}.Debug|Any CPU.ActiveCfg = Debug|Any CPU
		{EECE4BB5-E3ED-FA5A-2133-F83E032B376E}.Debug|Any CPU.Build.0 = Debug|Any CPU
		{EECE4BB5-E3ED-FA5A-2133-F83E032B376E}.Release|Any CPU.ActiveCfg = Release|Any CPU
		{EECE4BB5-E3ED-FA5A-2133-F83E032B376E}.Release|Any CPU.Build.0 = Release|Any CPU
		{CD90DDBA-7F63-E3AA-3788-B6AD3576077B}.Debug|Any CPU.ActiveCfg = Debug|Any CPU
		{CD90DDBA-7F63-E3AA-3788-B6AD3576077B}.Debug|Any CPU.Build.0 = Debug|Any CPU
		{CD90DDBA-7F63-E3AA-3788-B6AD3576077B}.Release|Any CPU.ActiveCfg = Release|Any CPU
		{CD90DDBA-7F63-E3AA-3788-B6AD3576077B}.Release|Any CPU.Build.0 = Release|Any CPU
		{342FC79A-D167-4F12-BD0E-43D5BD705A1E}.Debug|Any CPU.ActiveCfg = Debug|Any CPU
		{342FC79A-D167-4F12-BD0E-43D5BD705A1E}.Debug|Any CPU.Build.0 = Debug|Any CPU
		{342FC79A-D167-4F12-BD0E-43D5BD705A1E}.Release|Any CPU.ActiveCfg = Release|Any CPU
		{342FC79A-D167-4F12-BD0E-43D5BD705A1E}.Release|Any CPU.Build.0 = Release|Any CPU
		{D5FA74C0-62CB-AC03-8EA9-295473FAB500}.Debug|Any CPU.ActiveCfg = Debug|Any CPU
		{D5FA74C0-62CB-AC03-8EA9-295473FAB500}.Debug|Any CPU.Build.0 = Debug|Any CPU
		{D5FA74C0-62CB-AC03-8EA9-295473FAB500}.Release|Any CPU.ActiveCfg = Release|Any CPU
		{D5FA74C0-62CB-AC03-8EA9-295473FAB500}.Release|Any CPU.Build.0 = Release|Any CPU
		{C4AB5400-AE63-00DF-6E16-67649FEBD2E5}.Debug|Any CPU.ActiveCfg = Debug|Any CPU
		{C4AB5400-AE63-00DF-6E16-67649FEBD2E5}.Debug|Any CPU.Build.0 = Debug|Any CPU
		{C4AB5400-AE63-00DF-6E16-67649FEBD2E5}.Release|Any CPU.ActiveCfg = Release|Any CPU
		{C4AB5400-AE63-00DF-6E16-67649FEBD2E5}.Release|Any CPU.Build.0 = Release|Any CPU
		{BDC55911-FC49-A22C-47BF-DE97153F9B04}.Debug|Any CPU.ActiveCfg = Debug|Any CPU
		{BDC55911-FC49-A22C-47BF-DE97153F9B04}.Debug|Any CPU.Build.0 = Debug|Any CPU
		{BDC55911-FC49-A22C-47BF-DE97153F9B04}.Release|Any CPU.ActiveCfg = Release|Any CPU
		{BDC55911-FC49-A22C-47BF-DE97153F9B04}.Release|Any CPU.Build.0 = Release|Any CPU
		{C42BEFC1-8012-22F2-78EE-57F2EABB0E6A}.Debug|Any CPU.ActiveCfg = Debug|Any CPU
		{C42BEFC1-8012-22F2-78EE-57F2EABB0E6A}.Debug|Any CPU.Build.0 = Debug|Any CPU
		{C42BEFC1-8012-22F2-78EE-57F2EABB0E6A}.Release|Any CPU.ActiveCfg = Release|Any CPU
		{C42BEFC1-8012-22F2-78EE-57F2EABB0E6A}.Release|Any CPU.Build.0 = Release|Any CPU
		{E54B3FB4-2154-2527-7917-C6E6A8F3BB75}.Debug|Any CPU.ActiveCfg = Debug|Any CPU
		{E54B3FB4-2154-2527-7917-C6E6A8F3BB75}.Debug|Any CPU.Build.0 = Debug|Any CPU
		{E54B3FB4-2154-2527-7917-C6E6A8F3BB75}.Release|Any CPU.ActiveCfg = Release|Any CPU
		{E54B3FB4-2154-2527-7917-C6E6A8F3BB75}.Release|Any CPU.Build.0 = Release|Any CPU
		{4E2DD88E-9C78-7874-9918-505FCDB8760A}.Debug|Any CPU.ActiveCfg = Debug|Any CPU
		{4E2DD88E-9C78-7874-9918-505FCDB8760A}.Debug|Any CPU.Build.0 = Debug|Any CPU
		{4E2DD88E-9C78-7874-9918-505FCDB8760A}.Release|Any CPU.ActiveCfg = Release|Any CPU
		{4E2DD88E-9C78-7874-9918-505FCDB8760A}.Release|Any CPU.Build.0 = Release|Any CPU
	EndGlobalSection
	GlobalSection(SolutionProperties) = preSolution
		HideSolutionNode = FALSE
	EndGlobalSection
EndGlobal
